# THIS IS AN AUTOGENERATED FILE. DO NOT EDIT THIS FILE DIRECTLY.
# yarn lockfile v1


"@rnv/template-starter@0.37.4":
  version "0.37.4"
  resolved "https://registry.yarnpkg.com/@rnv/template-starter/-/template-starter-0.37.4.tgz#fff9f9970a2490af870c33ab8db0157dc63e8693"
  integrity sha512-dgw5iHrMhhyck6bsVR5cxCliIbObpsxUGBxsLgZQVbVlH4+HDjhEeOtOVktNGEXoNVxxdXrcZ1zcYkmusciXog==
